
Microsoft Visual Studio Solution File, Format Version 12.00
# Visual Studio Version 16
VisualStudioVersion = 16.0.31515.178
MinimumVisualStudioVersion = 10.0.40219.1
Project("{FAE04EC0-301F-11D3-BF4B-00C04F79EFBC}") = "Pasteinorder", "Pasteinorder\Pasteinorder.csproj", "{4FC1657A-D8F3-4262-B152-10C7503C33A4}"
EndProject
Global
	GlobalSection(SolutionConfigurationPlatforms) = preSolution
		Debug|Any CPU = Debug|Any CPU
		Release|Any CPU = Release|Any CPU
	EndGlobalSection
	GlobalSection(ProjectConfigurationPlatforms) = postSolution
		{4FC1657A-D8F3-4262-B152-10C7503C33A4}.Debug|Any CPU.ActiveCfg = Debug|Any CPU
		{4FC1657A-D8F3-4262-B152-10C7503C33A4}.Debug|Any CPU.Build.0 = Debug|Any CPU
		{4FC1657A-D8F3-4262-B152-10C7503C33A4}.Release|Any CPU.ActiveCfg = Release|Any CPU
		{4FC1657A-D8F3-4262-B152-10C7503C33A4}.Release|Any CPU.Build.0 = Release|Any CPU
	EndGlobalSection
	GlobalSection(SolutionProperties) = preSolution
		HideSolutionNode = FALSE
	EndGlobalSection
	GlobalSection(ExtensibilityGlobals) = postSolution
		SolutionGuid = {8407C102-F309-4FFA-921D-851B724CB62A}
	EndGlobalSection
EndGlobal
